# This file was autogenerated by Stack.
# You should not edit this file by hand.
# For more information, please see the documentation at:
#   https://docs.haskellstack.org/en/stable/lock_files

packages:
- completed:
    hackage: HSH-2.1.3@sha256:71ded11b224f5066373ce985ec63b10c87129850b33916736dd64fa2bea9ea0a,1705
    pantry-tree:
      sha256: 95f49f9dad6e4976d1b53c59fd4405a978ca8baecc721d508a030615241d69be
      size: 473
  original:
    hackage: HSH-2.1.3@sha256:71ded11b224f5066373ce985ec63b10c87129850b33916736dd64fa2bea9ea0a,1705
- completed:
    hackage: monad-bayes-1.2.0@sha256:bf83cf8e6d163c461b9964dbff48d4476b2a82421962af317b3a3d0d738ea2a2,6456
    pantry-tree:
      sha256: ce4a9db9888b589ae56493862ae62f2efb5af8d17d3d55bac0b3f59177881b2b
      size: 3823
  original:
    hackage: monad-bayes-1.2.0@sha256:bf83cf8e6d163c461b9964dbff48d4476b2a82421962af317b3a3d0d738ea2a2,6456
- completed:
    hackage: poly-0.5.1.0@sha256:8c574f017913982fd70567545bec423823ff5bdf236c19d1443f3af47e0218ba,3418
    pantry-tree:
      sha256: e59a1e3809fee49968cf9505edf849109d733e4e795b49e2d5fdef1a4993c31d
      size: 2531
  original:
    hackage: poly-0.5.1.0@sha256:8c574f017913982fd70567545bec423823ff5bdf236c19d1443f3af47e0218ba,3418
- completed:
    hackage: restless-git-0.7@sha256:346a5775a586f07ecb291036a8d3016c3484ccdc188b574bcdec0a82c12db293,968
    pantry-tree:
      sha256: 26b37a66c08215e18a914600aae8a61a6ba4611243a0b31ea27437d6c83701cb
      size: 269
  original:
    hackage: restless-git-0.7@sha256:346a5775a586f07ecb291036a8d3016c3484ccdc188b574bcdec0a82c12db293,968
- completed:
    hackage: smt2-parser-0.1.0.1@sha256:1e1a4565915ed851c13d1e6b8bb5185cf5d454da3b43170825d53e221f753d77,1421
    pantry-tree:
      sha256: c048b3037a35ab6ca5b33d865d7a0b0f56a0ccc942dd57cbbab6af380770ee13
      size: 447
  original:
    hackage: smt2-parser-0.1.0.1@sha256:1e1a4565915ed851c13d1e6b8bb5185cf5d454da3b43170825d53e221f753d77,1421
- completed:
    hackage: spawn-0.3@sha256:b91e01d8f2b076841410ae284b32046f91471943dc799c1af77d666c72101f02,1162
    pantry-tree:
      sha256: 3fa87961ef3166c0093ebae68dea83cf2d7b9e131a2db28687b696f077c6f81a
      size: 262
  original:
    hackage: spawn-0.3@sha256:b91e01d8f2b076841410ae284b32046f91471943dc799c1af77d666c72101f02,1162
- completed:
    hackage: spool-0.1@sha256:77780cbfc2c0be23ff2ea9e474062f3df97fcd9db946ee0b3508280a923b83e2,1461
    pantry-tree:
      sha256: 48eada528a8eda2fcf0d3517a239c59a699acff96111f427833ba2b04bd6111f
      size: 322
  original:
    hackage: spool-0.1@sha256:77780cbfc2c0be23ff2ea9e474062f3df97fcd9db946ee0b3508280a923b83e2,1461
- completed:
    hackage: vector-sized-1.5.0@sha256:1c85b70dbfe6fbdcc58d2706c626e6e38d1900276bbb6f1ba6cfee83941f45e6,1836
    pantry-tree:
      sha256: 026c260a2c1c6b2deab166dcbeb8888eb284d7e9e73ab837d88d530933929588
      size: 1302
  original:
    hackage: vector-sized-1.5.0@sha256:1c85b70dbfe6fbdcc58d2706c626e6e38d1900276bbb6f1ba6cfee83941f45e6,1836
- completed:
    commit: c5e40507c35e6f2119aeb5f0740dc3564100ebdc
    git: https://github.com/ethereum/hevm
    name: hevm
    pantry-tree:
      sha256: 92c4d9ca0864a6d334f4940b558b61daa7dc67ddfc145a6599a035abc31e8153
      size: 5802
    version: 0.51.3
  original:
    commit: c5e40507c35e6f2119aeb5f0740dc3564100ebdc
    git: https://github.com/ethereum/hevm
snapshots:
- completed:
    sha256: 1867d84255dff8c87373f5dd03e5a5cb1c10a99587e26c8793e750c54e83ffdc
    size: 639139
    url: https://raw.githubusercontent.com/commercialhaskell/stackage-snapshots/master/lts/21/0.yaml
  original: lts-21.0
