# This file was autogenerated by Stack.
# You should not edit this file by hand.
# For more information, please see the documentation at:
#   https://docs.haskellstack.org/en/stable/lock_files

packages:
- completed:
    hackage: monad-bayes-1.2.0@sha256:bf83cf8e6d163c461b9964dbff48d4476b2a82421962af317b3a3d0d738ea2a2,6456
    pantry-tree:
      sha256: ce4a9db9888b589ae56493862ae62f2efb5af8d17d3d55bac0b3f59177881b2b
      size: 3823
  original:
    hackage: monad-bayes-1.2.0@sha256:bf83cf8e6d163c461b9964dbff48d4476b2a82421962af317b3a3d0d738ea2a2,6456
- completed:
    hackage: vector-sized-1.5.0@sha256:1c85b70dbfe6fbdcc58d2706c626e6e38d1900276bbb6f1ba6cfee83941f45e6,1836
    pantry-tree:
      sha256: 026c260a2c1c6b2deab166dcbeb8888eb284d7e9e73ab837d88d530933929588
      size: 1302
  original:
    hackage: vector-sized-1.5.0@sha256:1c85b70dbfe6fbdcc58d2706c626e6e38d1900276bbb6f1ba6cfee83941f45e6,1836
- completed:
    hackage: poly-0.5.1.0@sha256:8c574f017913982fd70567545bec423823ff5bdf236c19d1443f3af47e0218ba,3418
    pantry-tree:
      sha256: e59a1e3809fee49968cf9505edf849109d733e4e795b49e2d5fdef1a4993c31d
      size: 2531
  original:
    hackage: poly-0.5.1.0@sha256:8c574f017913982fd70567545bec423823ff5bdf236c19d1443f3af47e0218ba,3418
snapshots:
- completed:
    sha256: 1867d84255dff8c87373f5dd03e5a5cb1c10a99587e26c8793e750c54e83ffdc
    size: 639139
    url: https://raw.githubusercontent.com/commercialhaskell/stackage-snapshots/master/lts/21/0.yaml
  original: lts-21.0
