# This file was autogenerated by Stack.
# You should not edit this file by hand.
# For more information, please see the documentation at:
#   https://docs.haskellstack.org/en/stable/lock_files

packages:
- completed:
    hackage: HSH-2.1.3@sha256:71ded11b224f5066373ce985ec63b10c87129850b33916736dd64fa2bea9ea0a,1705
    pantry-tree:
      sha256: 95f49f9dad6e4976d1b53c59fd4405a978ca8baecc721d508a030615241d69be
      size: 473
  original:
    hackage: HSH-2.1.3@sha256:71ded11b224f5066373ce985ec63b10c87129850b33916736dd64fa2bea9ea0a,1705
- completed:
    hackage: restless-git-0.7@sha256:346a5775a586f07ecb291036a8d3016c3484ccdc188b574bcdec0a82c12db293,968
    pantry-tree:
      sha256: 26b37a66c08215e18a914600aae8a61a6ba4611243a0b31ea27437d6c83701cb
      size: 269
  original:
    hackage: restless-git-0.7@sha256:346a5775a586f07ecb291036a8d3016c3484ccdc188b574bcdec0a82c12db293,968
- completed:
    hackage: s-cargot-0.1.4.0@sha256:61ea1833fbb4c80d93577144870e449d2007d311c34d74252850bb48aa8c31fb,3525
    pantry-tree:
      sha256: 280c1899ea1a905f01785e175ff029748e9913388d25e02a8e4cdceb9a92b722
      size: 1467
  original:
    hackage: s-cargot-0.1.4.0@sha256:61ea1833fbb4c80d93577144870e449d2007d311c34d74252850bb48aa8c31fb,3525
- completed:
    hackage: semver-range-0.2.8@sha256:44918080c220cf67b6e7c8ad16f01f3cfe1ac69d4f72e528e84d566348bb23c3,1941
    pantry-tree:
      sha256: fd72964da8246cc09d477b4c6e6f20971de058917d08d9f8183f5c0e2116f9c6
      size: 401
  original:
    hackage: semver-range-0.2.8@sha256:44918080c220cf67b6e7c8ad16f01f3cfe1ac69d4f72e528e84d566348bb23c3,1941
- completed:
    hackage: probability-0.2.7@sha256:3e9fe130af3bd75e791e1add902eb2caab170cc95373281c0a9626b01fc3b104,2869
    pantry-tree:
      sha256: ee8953628fe301a29be9ef64ebd96f8c704969fec2b4e0b39243e6499911b767
      size: 2711
  original:
    hackage: probability-0.2.7@sha256:3e9fe130af3bd75e791e1add902eb2caab170cc95373281c0a9626b01fc3b104,2869
- completed:
    hackage: splitmix-0.1@sha256:d50c4d0801a35be7875a040470c09863342514930c82a7d25780a6c2efc4fda9,5249
    pantry-tree:
      sha256: 2c884d06818f79030551aab192eee23734fd499361f4f4dcb4c51d1b1b2d786e
      size: 1148
  original:
    hackage: splitmix-0.1
- completed:
    hackage: mwc-random-0.15.0.2@sha256:109e0fb72ce64bda468fc44d9cb5abbf455d6337140b57eb851a8183baba0597,3372
    pantry-tree:
      sha256: 67732b8c3612c58e5286541213550899dc9495a09ca5283fab4437c489e624b9
      size: 721
  original:
    hackage: mwc-random-0.15.0.2
- completed:
    hackage: monad-bayes-1.1.0@sha256:8929887b2883e553b928dcc9b1326171c87b6aa26f11800dc8c55b119a9e9649,6123
    pantry-tree:
      sha256: bf7f9b1351226a957c7ebd0c42316505be713690cd9d44425bd9cfd494a94161
      size: 3568
  original:
    hackage: monad-bayes-1.1.0
- completed:
    hackage: smt2-parser-0.1.0.1@sha256:1e1a4565915ed851c13d1e6b8bb5185cf5d454da3b43170825d53e221f753d77,1421
    pantry-tree:
      sha256: c048b3037a35ab6ca5b33d865d7a0b0f56a0ccc942dd57cbbab6af380770ee13
      size: 447
  original:
    hackage: smt2-parser-0.1.0.1
- completed:
    hackage: spawn-0.3@sha256:b91e01d8f2b076841410ae284b32046f91471943dc799c1af77d666c72101f02,1162
    pantry-tree:
      sha256: 3fa87961ef3166c0093ebae68dea83cf2d7b9e131a2db28687b696f077c6f81a
      size: 262
  original:
    hackage: spawn-0.3
- completed:
    hackage: spool-0.1@sha256:77780cbfc2c0be23ff2ea9e474062f3df97fcd9db946ee0b3508280a923b83e2,1461
    pantry-tree:
      sha256: 48eada528a8eda2fcf0d3517a239c59a699acff96111f427833ba2b04bd6111f
      size: 322
  original:
    hackage: spool-0.1
- completed:
    hackage: hevm-0.51.3@sha256:0241fa86076f0fd512414aa7bb9a7a7b164c071fd08ecc0248918662a2d65fb5,9753
    pantry-tree:
      sha256: 50458355cb65e65ec4fb31a0dda1312dac0b7e6c2d681db5abeebf64264fd3b0
      size: 4296
  original:
    hackage: hevm-0.51.3
snapshots:
- completed:
    sha256: dcf4fc28f12d805480ddbe8eb8c370e11db12f0461d0110a4240af27ac88d725
    size: 650255
    url: https://raw.githubusercontent.com/commercialhaskell/stackage-snapshots/master/lts/20/22.yaml
  original: lts-20.22
