# This file was autogenerated by Stack.
# You should not edit this file by hand.
# For more information, please see the documentation at:
#   https://docs.haskellstack.org/en/stable/lock_files

packages:
- completed:
    hackage: lens-5.2.3@sha256:637287c76adff383063b3206a4213640de1a74839ec16008cc71b5b407f7d05e,15237
    pantry-tree:
      sha256: 2a69ee338ef79da9aaa0d406f8307b11e3b8f969aa8fc28e46ca250c1f6ef40d
      size: 8351
  original:
    hackage: lens-5.2.3@sha256:637287c76adff383063b3206a4213640de1a74839ec16008cc71b5b407f7d05e,15237
- completed:
    hackage: linear-1.22@sha256:6402f0140156d2792ca0cbef3f5af2ec3675660e381574ac968cd5884724b8ba,4132
    pantry-tree:
      sha256: 8ccd6646c1a5f2f7998a19a04f00200e44ee08186e980153ec371d6d114eb0e6
      size: 2042
  original:
    hackage: linear-1.22@sha256:6402f0140156d2792ca0cbef3f5af2ec3675660e381574ac968cd5884724b8ba,4132
- completed:
    hackage: vty-5.38@sha256:c3b46c8072f92b61dad09dac45ede37f1a093836e14ac84ece6515a4d3222864,5628
    pantry-tree:
      sha256: b413c72281bb0f48eb0e4b45e272e3a18036ea91b4850315e8c2487ef719f9f3
      size: 3499
  original:
    hackage: vty-5.38@sha256:c3b46c8072f92b61dad09dac45ede37f1a093836e14ac84ece6515a4d3222864,5628
- completed:
    hackage: HSH-2.1.3@sha256:71ded11b224f5066373ce985ec63b10c87129850b33916736dd64fa2bea9ea0a,1705
    pantry-tree:
      sha256: 95f49f9dad6e4976d1b53c59fd4405a978ca8baecc721d508a030615241d69be
      size: 473
  original:
    hackage: HSH-2.1.3@sha256:71ded11b224f5066373ce985ec63b10c87129850b33916736dd64fa2bea9ea0a,1705
- completed:
    hackage: monad-bayes-1.2.0@sha256:bf83cf8e6d163c461b9964dbff48d4476b2a82421962af317b3a3d0d738ea2a2,6456
    pantry-tree:
      sha256: ce4a9db9888b589ae56493862ae62f2efb5af8d17d3d55bac0b3f59177881b2b
      size: 3823
  original:
    hackage: monad-bayes-1.2.0@sha256:bf83cf8e6d163c461b9964dbff48d4476b2a82421962af317b3a3d0d738ea2a2,6456
- completed:
    hackage: poly-0.5.1.0@sha256:8c574f017913982fd70567545bec423823ff5bdf236c19d1443f3af47e0218ba,3418
    pantry-tree:
      sha256: e59a1e3809fee49968cf9505edf849109d733e4e795b49e2d5fdef1a4993c31d
      size: 2531
  original:
    hackage: poly-0.5.1.0@sha256:8c574f017913982fd70567545bec423823ff5bdf236c19d1443f3af47e0218ba,3418
- completed:
    hackage: restless-git-0.7@sha256:346a5775a586f07ecb291036a8d3016c3484ccdc188b574bcdec0a82c12db293,968
    pantry-tree:
      sha256: 26b37a66c08215e18a914600aae8a61a6ba4611243a0b31ea27437d6c83701cb
      size: 269
  original:
    hackage: restless-git-0.7@sha256:346a5775a586f07ecb291036a8d3016c3484ccdc188b574bcdec0a82c12db293,968
- completed:
    hackage: smt2-parser-0.1.0.1@sha256:1e1a4565915ed851c13d1e6b8bb5185cf5d454da3b43170825d53e221f753d77,1421
    pantry-tree:
      sha256: c048b3037a35ab6ca5b33d865d7a0b0f56a0ccc942dd57cbbab6af380770ee13
      size: 447
  original:
    hackage: smt2-parser-0.1.0.1@sha256:1e1a4565915ed851c13d1e6b8bb5185cf5d454da3b43170825d53e221f753d77,1421
- completed:
    hackage: spawn-0.3@sha256:b91e01d8f2b076841410ae284b32046f91471943dc799c1af77d666c72101f02,1162
    pantry-tree:
      sha256: 3fa87961ef3166c0093ebae68dea83cf2d7b9e131a2db28687b696f077c6f81a
      size: 262
  original:
    hackage: spawn-0.3@sha256:b91e01d8f2b076841410ae284b32046f91471943dc799c1af77d666c72101f02,1162
- completed:
    hackage: spool-0.1@sha256:77780cbfc2c0be23ff2ea9e474062f3df97fcd9db946ee0b3508280a923b83e2,1461
    pantry-tree:
      sha256: 48eada528a8eda2fcf0d3517a239c59a699acff96111f427833ba2b04bd6111f
      size: 322
  original:
    hackage: spool-0.1@sha256:77780cbfc2c0be23ff2ea9e474062f3df97fcd9db946ee0b3508280a923b83e2,1461
- completed:
    hackage: vector-sized-1.5.0@sha256:1c85b70dbfe6fbdcc58d2706c626e6e38d1900276bbb6f1ba6cfee83941f45e6,1836
    pantry-tree:
      sha256: 026c260a2c1c6b2deab166dcbeb8888eb284d7e9e73ab837d88d530933929588
      size: 1302
  original:
    hackage: vector-sized-1.5.0@sha256:1c85b70dbfe6fbdcc58d2706c626e6e38d1900276bbb6f1ba6cfee83941f45e6,1836
- completed:
    hackage: hspec-2.11.7@sha256:2869580a2a29e7beb6268ea3dc561583f4ae229ed1f47fb1c92e8c09ce35acec,1763
    pantry-tree:
      sha256: f241a7710ebee50583f9aebff61aaf4d36619ba7d6538b39b80ee4695c70552e
      size: 584
  original:
    hackage: hspec-2.11.7@sha256:2869580a2a29e7beb6268ea3dc561583f4ae229ed1f47fb1c92e8c09ce35acec,1763
- completed:
    hackage: validation-1.1.3@sha256:e2496d01639d5b8ab1dcf4b1dcf93e3d1380b6f793c4eef18ffc082eead17cf0,3573
    pantry-tree:
      sha256: 5568b8f135d2c0a3d28813d48f254fca228b4cdec2996ff409717b6a40022164
      size: 343
  original:
    hackage: validation-1.1.3@sha256:e2496d01639d5b8ab1dcf4b1dcf93e3d1380b6f793c4eef18ffc082eead17cf0,3573
- completed:
    hackage: hspec-core-2.11.7@sha256:90d8873356d7e15f843bc523360e206e8e356ff6b82a1fa4b3889dc31d073ea1,6814
    pantry-tree:
      sha256: 8db12c1f6965d9f0898f04d7b5f1d77682c8ab2d5c394c4a431229df7c4acb14
      size: 6231
  original:
    hackage: hspec-core-2.11.7@sha256:90d8873356d7e15f843bc523360e206e8e356ff6b82a1fa4b3889dc31d073ea1,6814
- completed:
    hackage: hspec-discover-2.11.7@sha256:6307eb16d308258a99a242025df50217d835ba0a3f205b1202a100a175877b38,2169
    pantry-tree:
      sha256: 141b4987d519ad1ca1114737f510f20adc2456bf44c040f41a63792f47d009eb
      size: 829
  original:
    hackage: hspec-discover-2.11.7@sha256:6307eb16d308258a99a242025df50217d835ba0a3f205b1202a100a175877b38,2169
- completed:
    hackage: hspec-expectations-0.8.4@sha256:4237f094a7931202ff57ac6475542b0b314b50a7024550e2b6eb87cfb0d4ff93,1702
    pantry-tree:
      sha256: 87681840d430b84686f83f1ab8b5873b09c349775698665233443914acf9ba2b
      size: 741
  original:
    hackage: hspec-expectations-0.8.4@sha256:4237f094a7931202ff57ac6475542b0b314b50a7024550e2b6eb87cfb0d4ff93,1702
- completed:
    commit: c5e40507c35e6f2119aeb5f0740dc3564100ebdc
    git: https://github.com/ethereum/hevm
    name: hevm
    pantry-tree:
      sha256: 92c4d9ca0864a6d334f4940b558b61daa7dc67ddfc145a6599a035abc31e8153
      size: 5802
    version: 0.51.3
  original:
    commit: c5e40507c35e6f2119aeb5f0740dc3564100ebdc
    git: https://github.com/ethereum/hevm
- completed:
    commit: 52e99daf3121a4e6a6cb28255e862cf8e83cf4cd
    git: https://github.com/ethereum/act.git
    name: act
    pantry-tree:
      sha256: 78cc4643860657a2be70ba2f95d675f130c312800393a1cb52c88ec6701ce7bd
      size: 1217
    subdir: src
    version: 0.1.0.0
  original:
    commit: 52e99daf3121a4e6a6cb28255e862cf8e83cf4cd
    git: https://github.com/ethereum/act.git
    subdir: src
snapshots:
- completed:
    sha256: af5d667f6096e535b9c725a72cffe0f6c060e0568d9f9eeda04caee70d0d9d2d
    size: 649133
    url: https://raw.githubusercontent.com/commercialhaskell/stackage-snapshots/master/lts/20/12.yaml
  original: lts-20.12
